
Microsoft Visual Studio Solution File, Format Version 12.00
# Visual Studio Version 17
VisualStudioVersion = 17.4.33213.308
MinimumVisualStudioVersion = 10.0.40219.1
Project("{FAE04EC0-301F-11D3-BF4B-00C04F79EFBC}") = "CoreLogic", "CoreLogic\CoreLogic.csproj", "{098539F2-C723-4586-94AC-E542B53EE914}"
EndProject
Project("{FAE04EC0-301F-11D3-BF4B-00C04F79EFBC}") = "CoreTest", "CoreTest\CoreTest.csproj", "{86991D95-20F4-4FBD-ADC1-D5384C4C55E0}"
EndProject
Project("{FAE04EC0-301F-11D3-BF4B-00C04F79EFBC}") = "WebApp", "WebApp\WebApp.csproj", "{B03F1351-32A6-4428-AB2E-D8B8E44D758F}"
EndProject
Global
	GlobalSection(SolutionConfigurationPlatforms) = preSolution
		Debug|Any CPU = Debug|Any CPU
		Release|Any CPU = Release|Any CPU
	EndGlobalSection
	GlobalSection(ProjectConfigurationPlatforms) = postSolution
		{098539F2-C723-4586-94AC-E542B53EE914}.Debug|Any CPU.ActiveCfg = Debug|Any CPU
		{098539F2-C723-4586-94AC-E542B53EE914}.Debug|Any CPU.Build.0 = Debug|Any CPU
		{098539F2-C723-4586-94AC-E542B53EE914}.Release|Any CPU.ActiveCfg = Release|Any CPU
		{098539F2-C723-4586-94AC-E542B53EE914}.Release|Any CPU.Build.0 = Release|Any CPU
		{86991D95-20F4-4FBD-ADC1-D5384C4C55E0}.Debug|Any CPU.ActiveCfg = Debug|Any CPU
		{86991D95-20F4-4FBD-ADC1-D5384C4C55E0}.Debug|Any CPU.Build.0 = Debug|Any CPU
		{86991D95-20F4-4FBD-ADC1-D5384C4C55E0}.Release|Any CPU.ActiveCfg = Release|Any CPU
		{86991D95-20F4-4FBD-ADC1-D5384C4C55E0}.Release|Any CPU.Build.0 = Release|Any CPU
		{B03F1351-32A6-4428-AB2E-D8B8E44D758F}.Debug|Any CPU.ActiveCfg = Debug|Any CPU
		{B03F1351-32A6-4428-AB2E-D8B8E44D758F}.Debug|Any CPU.Build.0 = Debug|Any CPU
		{B03F1351-32A6-4428-AB2E-D8B8E44D758F}.Release|Any CPU.ActiveCfg = Release|Any CPU
		{B03F1351-32A6-4428-AB2E-D8B8E44D758F}.Release|Any CPU.Build.0 = Release|Any CPU
	EndGlobalSection
	GlobalSection(SolutionProperties) = preSolution
		HideSolutionNode = FALSE
	EndGlobalSection
	GlobalSection(ExtensibilityGlobals) = postSolution
		SolutionGuid = {BE311D66-8163-48E2-91D8-B8DE8680886F}
	EndGlobalSection
EndGlobal
